
Microsoft Visual Studio Solution File, Format Version 12.00
# Visual Studio 15
VisualStudioVersion = 15.0.27130.2027
MinimumVisualStudioVersion = 10.0.40219.1
Project("{9A19103F-16F7-4668-BE54-9A1E7A4F7556}") = "PS.Demo1.App", "PS.Demo1.App\PS.Demo1.App\PS.Demo1.App.csproj", "{ED929533-DC72-411B-9D01-DBED88198667}"
EndProject
Project("{FAE04EC0-301F-11D3-BF4B-00C04F79EFBC}") = "PS.Demo1.App.Android", "PS.Demo1.App\PS.Demo1.App.Android\PS.Demo1.App.Android.csproj", "{6249391A-DED9-4380-AF1D-5183C823C5D9}"
EndProject
Project("{FAE04EC0-301F-11D3-BF4B-00C04F79EFBC}") = "PS.Demo1.App.iOS", "PS.Demo1.App\PS.Demo1.App.iOS\PS.Demo1.App.iOS.csproj", "{EDFC7CE6-4918-4028-811D-E0C698E9ADBD}"
EndProject
Project("{2150E333-8FDC-42A3-9474-1A3956D46DE8}") = "App", "App", "{773863F4-97AC-4FD6-BB57-E8F03102FA22}"
EndProject
Global
	GlobalSection(SolutionConfigurationPlatforms) = preSolution
		Ad-Hoc|Any CPU = Ad-Hoc|Any CPU
		Ad-Hoc|ARM = Ad-Hoc|ARM
		Ad-Hoc|iPhone = Ad-Hoc|iPhone
		Ad-Hoc|iPhoneSimulator = Ad-Hoc|iPhoneSimulator
		Ad-Hoc|x64 = Ad-Hoc|x64
		Ad-Hoc|x86 = Ad-Hoc|x86
		AppStore|Any CPU = AppStore|Any CPU
		AppStore|ARM = AppStore|ARM
		AppStore|iPhone = AppStore|iPhone
		AppStore|iPhoneSimulator = AppStore|iPhoneSimulator
		AppStore|x64 = AppStore|x64
		AppStore|x86 = AppStore|x86
		Debug|Any CPU = Debug|Any CPU
		Debug|ARM = Debug|ARM
		Debug|iPhone = Debug|iPhone
		Debug|iPhoneSimulator = Debug|iPhoneSimulator
		Debug|x64 = Debug|x64
		Debug|x86 = Debug|x86
		Release|Any CPU = Release|Any CPU
		Release|ARM = Release|ARM
		Release|iPhone = Release|iPhone
		Release|iPhoneSimulator = Release|iPhoneSimulator
		Release|x64 = Release|x64
		Release|x86 = Release|x86
	EndGlobalSection
	GlobalSection(ProjectConfigurationPlatforms) = postSolution
		{ED929533-DC72-411B-9D01-DBED88198667}.Ad-Hoc|Any CPU.ActiveCfg = Debug|Any CPU
		{ED929533-DC72-411B-9D01-DBED88198667}.Ad-Hoc|Any CPU.Build.0 = Debug|Any CPU
		{ED929533-DC72-411B-9D01-DBED88198667}.Ad-Hoc|ARM.ActiveCfg = Debug|Any CPU
		{ED929533-DC72-411B-9D01-DBED88198667}.Ad-Hoc|ARM.Build.0 = Debug|Any CPU
		{ED929533-DC72-411B-9D01-DBED88198667}.Ad-Hoc|iPhone.ActiveCfg = Debug|Any CPU
		{ED929533-DC72-411B-9D01-DBED88198667}.Ad-Hoc|iPhone.Build.0 = Debug|Any CPU
		{ED929533-DC72-411B-9D01-DBED88198667}.Ad-Hoc|iPhoneSimulator.ActiveCfg = Debug|Any CPU
		{ED929533-DC72-411B-9D01-DBED88198667}.Ad-Hoc|iPhoneSimulator.Build.0 = Debug|Any CPU
		{ED929533-DC72-411B-9D01-DBED88198667}.Ad-Hoc|x64.ActiveCfg = Debug|Any CPU
		{ED929533-DC72-411B-9D01-DBED88198667}.Ad-Hoc|x64.Build.0 = Debug|Any CPU
		{ED929533-DC72-411B-9D01-DBED88198667}.Ad-Hoc|x86.ActiveCfg = Debug|Any CPU
		{ED929533-DC72-411B-9D01-DBED88198667}.Ad-Hoc|x86.Build.0 = Debug|Any CPU
		{ED929533-DC72-411B-9D01-DBED88198667}.AppStore|Any CPU.ActiveCfg = Debug|Any CPU
		{ED929533-DC72-411B-9D01-DBED88198667}.AppStore|Any CPU.Build.0 = Debug|Any CPU
		{ED929533-DC72-411B-9D01-DBED88198667}.AppStore|ARM.ActiveCfg = Debug|Any CPU
		{ED929533-DC72-411B-9D01-DBED88198667}.AppStore|ARM.Build.0 = Debug|Any CPU
		{ED929533-DC72-411B-9D01-DBED88198667}.AppStore|iPhone.ActiveCfg = Debug|Any CPU
		{ED929533-DC72-411B-9D01-DBED88198667}.AppStore|iPhone.Build.0 = Debug|Any CPU
		{ED929533-DC72-411B-9D01-DBED88198667}.AppStore|iPhoneSimulator.ActiveCfg = Debug|Any CPU
		{ED929533-DC72-411B-9D01-DBED88198667}.AppStore|iPhoneSimulator.Build.0 = Debug|Any CPU
		{ED929533-DC72-411B-9D01-DBED88198667}.AppStore|x64.ActiveCfg = Debug|Any CPU
		{ED929533-DC72-411B-9D01-DBED88198667}.AppStore|x64.Build.0 = Debug|Any CPU
		{ED929533-DC72-411B-9D01-DBED88198667}.AppStore|x86.ActiveCfg = Debug|Any CPU
		{ED929533-DC72-411B-9D01-DBED88198667}.AppStore|x86.Build.0 = Debug|Any CPU
		{ED929533-DC72-411B-9D01-DBED88198667}.Debug|Any CPU.ActiveCfg = Debug|Any CPU
		{ED929533-DC72-411B-9D01-DBED88198667}.Debug|Any CPU.Build.0 = Debug|Any CPU
		{ED929533-DC72-411B-9D01-DBED88198667}.Debug|ARM.ActiveCfg = Debug|Any CPU
		{ED929533-DC72-411B-9D01-DBED88198667}.Debug|ARM.Build.0 = Debug|Any CPU
		{ED929533-DC72-411B-9D01-DBED88198667}.Debug|iPhone.ActiveCfg = Debug|Any CPU
		{ED929533-DC72-411B-9D01-DBED88198667}.Debug|iPhone.Build.0 = Debug|Any CPU
		{ED929533-DC72-411B-9D01-DBED88198667}.Debug|iPhoneSimulator.ActiveCfg = Debug|Any CPU
		{ED929533-DC72-411B-9D01-DBED88198667}.Debug|iPhoneSimulator.Build.0 = Debug|Any CPU
		{ED929533-DC72-411B-9D01-DBED88198667}.Debug|x64.ActiveCfg = Debug|Any CPU
		{ED929533-DC72-411B-9D01-DBED88198667}.Debug|x64.Build.0 = Debug|Any CPU
		{ED929533-DC72-411B-9D01-DBED88198667}.Debug|x86.ActiveCfg = Debug|Any CPU
		{ED929533-DC72-411B-9D01-DBED88198667}.Debug|x86.Build.0 = Debug|Any CPU
		{ED929533-DC72-411B-9D01-DBED88198667}.Release|Any CPU.ActiveCfg = Release|Any CPU
		{ED929533-DC72-411B-9D01-DBED88198667}.Release|Any CPU.Build.0 = Release|Any CPU
		{ED929533-DC72-411B-9D01-DBED88198667}.Release|ARM.ActiveCfg = Release|Any CPU
		{ED929533-DC72-411B-9D01-DBED88198667}.Release|ARM.Build.0 = Release|Any CPU
		{ED929533-DC72-411B-9D01-DBED88198667}.Release|iPhone.ActiveCfg = Release|Any CPU
		{ED929533-DC72-411B-9D01-DBED88198667}.Release|iPhone.Build.0 = Release|Any CPU
		{ED929533-DC72-411B-9D01-DBED88198667}.Release|iPhoneSimulator.ActiveCfg = Release|Any CPU
		{ED929533-DC72-411B-9D01-DBED88198667}.Release|iPhoneSimulator.Build.0 = Release|Any CPU
		{ED929533-DC72-411B-9D01-DBED88198667}.Release|x64.ActiveCfg = Release|Any CPU
		{ED929533-DC72-411B-9D01-DBED88198667}.Release|x64.Build.0 = Release|Any CPU
		{ED929533-DC72-411B-9D01-DBED88198667}.Release|x86.ActiveCfg = Release|Any CPU
		{ED929533-DC72-411B-9D01-DBED88198667}.Release|x86.Build.0 = Release|Any CPU
		{6249391A-DED9-4380-AF1D-5183C823C5D9}.Ad-Hoc|Any CPU.ActiveCfg = Release|Any CPU
		{6249391A-DED9-4380-AF1D-5183C823C5D9}.Ad-Hoc|Any CPU.Build.0 = Release|Any CPU
		{6249391A-DED9-4380-AF1D-5183C823C5D9}.Ad-Hoc|Any CPU.Deploy.0 = Release|Any CPU
		{6249391A-DED9-4380-AF1D-5183C823C5D9}.Ad-Hoc|ARM.ActiveCfg = Release|Any CPU
		{6249391A-DED9-4380-AF1D-5183C823C5D9}.Ad-Hoc|ARM.Build.0 = Release|Any CPU
		{6249391A-DED9-4380-AF1D-5183C823C5D9}.Ad-Hoc|ARM.Deploy.0 = Release|Any CPU
		{6249391A-DED9-4380-AF1D-5183C823C5D9}.Ad-Hoc|iPhone.ActiveCfg = Release|Any CPU
		{6249391A-DED9-4380-AF1D-5183C823C5D9}.Ad-Hoc|iPhone.Build.0 = Release|Any CPU
		{6249391A-DED9-4380-AF1D-5183C823C5D9}.Ad-Hoc|iPhone.Deploy.0 = Release|Any CPU
		{6249391A-DED9-4380-AF1D-5183C823C5D9}.Ad-Hoc|iPhoneSimulator.ActiveCfg = Release|Any CPU
		{6249391A-DED9-4380-AF1D-5183C823C5D9}.Ad-Hoc|iPhoneSimulator.Build.0 = Release|Any CPU
		{6249391A-DED9-4380-AF1D-5183C823C5D9}.Ad-Hoc|iPhoneSimulator.Deploy.0 = Release|Any CPU
		{6249391A-DED9-4380-AF1D-5183C823C5D9}.Ad-Hoc|x64.ActiveCfg = Release|Any CPU
		{6249391A-DED9-4380-AF1D-5183C823C5D9}.Ad-Hoc|x64.Build.0 = Release|Any CPU
		{6249391A-DED9-4380-AF1D-5183C823C5D9}.Ad-Hoc|x64.Deploy.0 = Release|Any CPU
		{6249391A-DED9-4380-AF1D-5183C823C5D9}.Ad-Hoc|x86.ActiveCfg = Release|Any CPU
		{6249391A-DED9-4380-AF1D-5183C823C5D9}.Ad-Hoc|x86.Build.0 = Release|Any CPU
		{6249391A-DED9-4380-AF1D-5183C823C5D9}.Ad-Hoc|x86.Deploy.0 = Release|Any CPU
		{6249391A-DED9-4380-AF1D-5183C823C5D9}.AppStore|Any CPU.ActiveCfg = Release|Any CPU
		{6249391A-DED9-4380-AF1D-5183C823C5D9}.AppStore|Any CPU.Build.0 = Release|Any CPU
		{6249391A-DED9-4380-AF1D-5183C823C5D9}.AppStore|Any CPU.Deploy.0 = Release|Any CPU
		{6249391A-DED9-4380-AF1D-5183C823C5D9}.AppStore|ARM.ActiveCfg = Release|Any CPU
		{6249391A-DED9-4380-AF1D-5183C823C5D9}.AppStore|ARM.Build.0 = Release|Any CPU
		{6249391A-DED9-4380-AF1D-5183C823C5D9}.AppStore|ARM.Deploy.0 = Release|Any CPU
		{6249391A-DED9-4380-AF1D-5183C823C5D9}.AppStore|iPhone.ActiveCfg = Release|Any CPU
		{6249391A-DED9-4380-AF1D-5183C823C5D9}.AppStore|iPhone.Build.0 = Release|Any CPU
		{6249391A-DED9-4380-AF1D-5183C823C5D9}.AppStore|iPhone.Deploy.0 = Release|Any CPU
		{6249391A-DED9-4380-AF1D-5183C823C5D9}.AppStore|iPhoneSimulator.ActiveCfg = Release|Any CPU
		{6249391A-DED9-4380-AF1D-5183C823C5D9}.AppStore|iPhoneSimulator.Build.0 = Release|Any CPU
		{6249391A-DED9-4380-AF1D-5183C823C5D9}.AppStore|iPhoneSimulator.Deploy.0 = Release|Any CPU
		{6249391A-DED9-4380-AF1D-5183C823C5D9}.AppStore|x64.ActiveCfg = Release|Any CPU
		{6249391A-DED9-4380-AF1D-5183C823C5D9}.AppStore|x64.Build.0 = Release|Any CPU
		{6249391A-DED9-4380-AF1D-5183C823C5D9}.AppStore|x64.Deploy.0 = Release|Any CPU
		{6249391A-DED9-4380-AF1D-5183C823C5D9}.AppStore|x86.ActiveCfg = Release|Any CPU
		{6249391A-DED9-4380-AF1D-5183C823C5D9}.AppStore|x86.Build.0 = Release|Any CPU
		{6249391A-DED9-4380-AF1D-5183C823C5D9}.AppStore|x86.Deploy.0 = Release|Any CPU
		{6249391A-DED9-4380-AF1D-5183C823C5D9}.Debug|Any CPU.ActiveCfg = Debug|Any CPU
		{6249391A-DED9-4380-AF1D-5183C823C5D9}.Debug|Any CPU.Build.0 = Debug|Any CPU
		{6249391A-DED9-4380-AF1D-5183C823C5D9}.Debug|Any CPU.Deploy.0 = Debug|Any CPU
		{6249391A-DED9-4380-AF1D-5183C823C5D9}.Debug|ARM.ActiveCfg = Debug|Any CPU
		{6249391A-DED9-4380-AF1D-5183C823C5D9}.Debug|ARM.Build.0 = Debug|Any CPU
		{6249391A-DED9-4380-AF1D-5183C823C5D9}.Debug|ARM.Deploy.0 = Debug|Any CPU
		{6249391A-DED9-4380-AF1D-5183C823C5D9}.Debug|iPhone.ActiveCfg = Debug|Any CPU
		{6249391A-DED9-4380-AF1D-5183C823C5D9}.Debug|iPhone.Build.0 = Debug|Any CPU
		{6249391A-DED9-4380-AF1D-5183C823C5D9}.Debug|iPhone.Deploy.0 = Debug|Any CPU
		{6249391A-DED9-4380-AF1D-5183C823C5D9}.Debug|iPhoneSimulator.ActiveCfg = Debug|Any CPU
		{6249391A-DED9-4380-AF1D-5183C823C5D9}.Debug|iPhoneSimulator.Deploy.0 = Debug|Any CPU
		{6249391A-DED9-4380-AF1D-5183C823C5D9}.Debug|x64.ActiveCfg = Debug|Any CPU
		{6249391A-DED9-4380-AF1D-5183C823C5D9}.Debug|x64.Build.0 = Debug|Any CPU
		{6249391A-DED9-4380-AF1D-5183C823C5D9}.Debug|x64.Deploy.0 = Debug|Any CPU
		{6249391A-DED9-4380-AF1D-5183C823C5D9}.Debug|x86.ActiveCfg = Debug|Any CPU
		{6249391A-DED9-4380-AF1D-5183C823C5D9}.Debug|x86.Build.0 = Debug|Any CPU
		{6249391A-DED9-4380-AF1D-5183C823C5D9}.Debug|x86.Deploy.0 = Debug|Any CPU
		{6249391A-DED9-4380-AF1D-5183C823C5D9}.Release|Any CPU.ActiveCfg = Release|Any CPU
		{6249391A-DED9-4380-AF1D-5183C823C5D9}.Release|Any CPU.Build.0 = Release|Any CPU
		{6249391A-DED9-4380-AF1D-5183C823C5D9}.Release|Any CPU.Deploy.0 = Release|Any CPU
		{6249391A-DED9-4380-AF1D-5183C823C5D9}.Release|ARM.ActiveCfg = Release|Any CPU
		{6249391A-DED9-4380-AF1D-5183C823C5D9}.Release|ARM.Build.0 = Release|Any CPU
		{6249391A-DED9-4380-AF1D-5183C823C5D9}.Release|ARM.Deploy.0 = Release|Any CPU
		{6249391A-DED9-4380-AF1D-5183C823C5D9}.Release|iPhone.ActiveCfg = Release|Any CPU
		{6249391A-DED9-4380-AF1D-5183C823C5D9}.Release|iPhone.Build.0 = Release|Any CPU
		{6249391A-DED9-4380-AF1D-5183C823C5D9}.Release|iPhone.Deploy.0 = Release|Any CPU
		{6249391A-DED9-4380-AF1D-5183C823C5D9}.Release|iPhoneSimulator.ActiveCfg = Release|Any CPU
		{6249391A-DED9-4380-AF1D-5183C823C5D9}.Release|iPhoneSimulator.Build.0 = Release|Any CPU
		{6249391A-DED9-4380-AF1D-5183C823C5D9}.Release|iPhoneSimulator.Deploy.0 = Release|Any CPU
		{6249391A-DED9-4380-AF1D-5183C823C5D9}.Release|x64.ActiveCfg = Release|Any CPU
		{6249391A-DED9-4380-AF1D-5183C823C5D9}.Release|x64.Build.0 = Release|Any CPU
		{6249391A-DED9-4380-AF1D-5183C823C5D9}.Release|x64.Deploy.0 = Release|Any CPU
		{6249391A-DED9-4380-AF1D-5183C823C5D9}.Release|x86.ActiveCfg = Release|Any CPU
		{6249391A-DED9-4380-AF1D-5183C823C5D9}.Release|x86.Build.0 = Release|Any CPU
		{6249391A-DED9-4380-AF1D-5183C823C5D9}.Release|x86.Deploy.0 = Release|Any CPU
		{EDFC7CE6-4918-4028-811D-E0C698E9ADBD}.Ad-Hoc|Any CPU.ActiveCfg = Ad-Hoc|iPhone
		{EDFC7CE6-4918-4028-811D-E0C698E9ADBD}.Ad-Hoc|ARM.ActiveCfg = Ad-Hoc|iPhone
		{EDFC7CE6-4918-4028-811D-E0C698E9ADBD}.Ad-Hoc|iPhone.ActiveCfg = Ad-Hoc|iPhone
		{EDFC7CE6-4918-4028-811D-E0C698E9ADBD}.Ad-Hoc|iPhone.Build.0 = Ad-Hoc|iPhone
		{EDFC7CE6-4918-4028-811D-E0C698E9ADBD}.Ad-Hoc|iPhoneSimulator.ActiveCfg = Ad-Hoc|iPhoneSimulator
		{EDFC7CE6-4918-4028-811D-E0C698E9ADBD}.Ad-Hoc|iPhoneSimulator.Build.0 = Ad-Hoc|iPhoneSimulator
		{EDFC7CE6-4918-4028-811D-E0C698E9ADBD}.Ad-Hoc|x64.ActiveCfg = Ad-Hoc|iPhone
		{EDFC7CE6-4918-4028-811D-E0C698E9ADBD}.Ad-Hoc|x86.ActiveCfg = Ad-Hoc|iPhone
		{EDFC7CE6-4918-4028-811D-E0C698E9ADBD}.AppStore|Any CPU.ActiveCfg = AppStore|iPhone
		{EDFC7CE6-4918-4028-811D-E0C698E9ADBD}.AppStore|ARM.ActiveCfg = AppStore|iPhone
		{EDFC7CE6-4918-4028-811D-E0C698E9ADBD}.AppStore|iPhone.ActiveCfg = AppStore|iPhone
		{EDFC7CE6-4918-4028-811D-E0C698E9ADBD}.AppStore|iPhone.Build.0 = AppStore|iPhone
		{EDFC7CE6-4918-4028-811D-E0C698E9ADBD}.AppStore|iPhoneSimulator.ActiveCfg = AppStore|iPhoneSimulator
		{EDFC7CE6-4918-4028-811D-E0C698E9ADBD}.AppStore|iPhoneSimulator.Build.0 = AppStore|iPhoneSimulator
		{EDFC7CE6-4918-4028-811D-E0C698E9ADBD}.AppStore|x64.ActiveCfg = AppStore|iPhone
		{EDFC7CE6-4918-4028-811D-E0C698E9ADBD}.AppStore|x86.ActiveCfg = AppStore|iPhone
		{EDFC7CE6-4918-4028-811D-E0C698E9ADBD}.Debug|Any CPU.ActiveCfg = Debug|iPhone
		{EDFC7CE6-4918-4028-811D-E0C698E9ADBD}.Debug|ARM.ActiveCfg = Debug|iPhone
		{EDFC7CE6-4918-4028-811D-E0C698E9ADBD}.Debug|iPhone.ActiveCfg = Debug|iPhone
		{EDFC7CE6-4918-4028-811D-E0C698E9ADBD}.Debug|iPhone.Build.0 = Debug|iPhone
		{EDFC7CE6-4918-4028-811D-E0C698E9ADBD}.Debug|iPhoneSimulator.ActiveCfg = Debug|iPhoneSimulator
		{EDFC7CE6-4918-4028-811D-E0C698E9ADBD}.Debug|iPhoneSimulator.Build.0 = Debug|iPhoneSimulator
		{EDFC7CE6-4918-4028-811D-E0C698E9ADBD}.Debug|x64.ActiveCfg = Debug|iPhone
		{EDFC7CE6-4918-4028-811D-E0C698E9ADBD}.Debug|x86.ActiveCfg = Debug|iPhone
		{EDFC7CE6-4918-4028-811D-E0C698E9ADBD}.Release|Any CPU.ActiveCfg = Release|iPhone
		{EDFC7CE6-4918-4028-811D-E0C698E9ADBD}.Release|ARM.ActiveCfg = Release|iPhone
		{EDFC7CE6-4918-4028-811D-E0C698E9ADBD}.Release|iPhone.ActiveCfg = Release|iPhone
		{EDFC7CE6-4918-4028-811D-E0C698E9ADBD}.Release|iPhone.Build.0 = Release|iPhone
		{EDFC7CE6-4918-4028-811D-E0C698E9ADBD}.Release|iPhoneSimulator.ActiveCfg = Release|iPhoneSimulator
		{EDFC7CE6-4918-4028-811D-E0C698E9ADBD}.Release|iPhoneSimulator.Build.0 = Release|iPhoneSimulator
		{EDFC7CE6-4918-4028-811D-E0C698E9ADBD}.Release|x64.ActiveCfg = Release|iPhone
		{EDFC7CE6-4918-4028-811D-E0C698E9ADBD}.Release|x86.ActiveCfg = Release|iPhone
	EndGlobalSection
	GlobalSection(SolutionProperties) = preSolution
		HideSolutionNode = FALSE
	EndGlobalSection
	GlobalSection(NestedProjects) = preSolution
		{ED929533-DC72-411B-9D01-DBED88198667} = {773863F4-97AC-4FD6-BB57-E8F03102FA22}
		{6249391A-DED9-4380-AF1D-5183C823C5D9} = {773863F4-97AC-4FD6-BB57-E8F03102FA22}
		{EDFC7CE6-4918-4028-811D-E0C698E9ADBD} = {773863F4-97AC-4FD6-BB57-E8F03102FA22}
	EndGlobalSection
	GlobalSection(ExtensibilityGlobals) = postSolution
		SolutionGuid = {DB8F2C45-761D-4DDA-95DD-DB27AAF93E50}
	EndGlobalSection
EndGlobal
